// !$*UTF8*$!
{
	archiveVersion = 1;
	classes = {
	};
	objectVersion = 51;
	objects = {

/* Begin PBXBuildFile section */
		80A4264761EB9E22D5D34A7E /* Pods_SQLBook.framework in Frameworks */ = {isa = PBXBuildFile; fileRef = FD50BF0269CAB76C75B2B774 /* Pods_SQLBook.framework */; };
		BBAF739F26A2223D00BAD569 /* AppDelegate.swift in Sources */ = {isa = PBXBuildFile; fileRef = BBAF739E26A2223D00BAD569 /* AppDelegate.swift */; };
		BBAF73A126A2223D00BAD569 /* SceneDelegate.swift in Sources */ = {isa = PBXBuildFile; fileRef = BBAF73A026A2223D00BAD569 /* SceneDelegate.swift */; };
		BBAF73A326A2223D00BAD569 /* ContentView.swift in Sources */ = {isa = PBXBuildFile; fileRef = BBAF73A226A2223D00BAD569 /* ContentView.swift */; };
		BBAF73A526A2224000BAD569 /* Assets.xcassets in Resources */ = {isa = PBXBuildFile; fileRef = BBAF73A426A2224000BAD569 /* Assets.xcassets */; };
		BBAF73A826A2224000BAD569 /* Preview Assets.xcassets in Resources */ = {isa = PBXBuildFile; fileRef = BBAF73A726A2224000BAD569 /* Preview Assets.xcassets */; };
		BBAF73AB26A2224000BAD569 /* LaunchScreen.storyboard in Resources */ = {isa = PBXBuildFile; fileRef = BBAF73A926A2224000BAD569 /* LaunchScreen.storyboard */; };
		BBAF73B726A2228B00BAD569 /* Book.swift in Sources */ = {isa = PBXBuildFile; fileRef = BBAF73B626A2228B00BAD569 /* Book.swift */; };
		BBAF73BA26A222A300BAD569 /* DB_Manager.swift in Sources */ = {isa = PBXBuildFile; fileRef = BBAF73B926A222A300BAD569 /* DB_Manager.swift */; };
		BBAF73BD26A222B900BAD569 /* AddBook.swift in Sources */ = {isa = PBXBuildFile; fileRef = BBAF73BC26A222B900BAD569 /* AddBook.swift */; };
		BBAF73C026A2245D00BAD569 /* BookView.swift in Sources */ = {isa = PBXBuildFile; fileRef = BBAF73BF26A2245D00BAD569 /* BookView.swift */; };
		BBAF73C426A27DC400BAD569 /* AddWord.swift in Sources */ = {isa = PBXBuildFile; fileRef = BBAF73C326A27DC400BAD569 /* AddWord.swift */; };
		BBC262E826A37917000262AD /* PickDefinition.swift in Sources */ = {isa = PBXBuildFile; fileRef = BBC262E726A37917000262AD /* PickDefinition.swift */; };
		BBC262EA26A37DCB000262AD /* SaveArray.swift in Sources */ = {isa = PBXBuildFile; fileRef = BBC262E926A37DCB000262AD /* SaveArray.swift */; };
/* End PBXBuildFile section */

/* Begin PBXFileReference section */
		3451FA9450453875BF909AE4 /* Pods-SQLBook.debug.xcconfig */ = {isa = PBXFileReference; includeInIndex = 1; lastKnownFileType = text.xcconfig; name = "Pods-SQLBook.debug.xcconfig"; path = "Target Support Files/Pods-SQLBook/Pods-SQLBook.debug.xcconfig"; sourceTree = "<group>"; };
		B9CA135D639DA74B6023FFC5 /* Pods-SQLBook.release.xcconfig */ = {isa = PBXFileReference; includeInIndex = 1; lastKnownFileType = text.xcconfig; name = "Pods-SQLBook.release.xcconfig"; path = "Target Support Files/Pods-SQLBook/Pods-SQLBook.release.xcconfig"; sourceTree = "<group>"; };
		BBAF739B26A2223D00BAD569 /* SQLBook.app */ = {isa = PBXFileReference; explicitFileType = wrapper.application; includeInIndex = 0; path = SQLBook.app; sourceTree = BUILT_PRODUCTS_DIR; };
		BBAF739E26A2223D00BAD569 /* AppDelegate.swift */ = {isa = PBXFileReference; lastKnownFileType = sourcecode.swift; path = AppDelegate.swift; sourceTree = "<group>"; };
		BBAF73A026A2223D00BAD569 /* SceneDelegate.swift */ = {isa = PBXFileReference; lastKnownFileType = sourcecode.swift; path = SceneDelegate.swift; sourceTree = "<group>"; };
		BBAF73A226A2223D00BAD569 /* ContentView.swift */ = {isa = PBXFileReference; lastKnownFileType = sourcecode.swift; path = ContentView.swift; sourceTree = "<group>"; };
		BBAF73A426A2224000BAD569 /* Assets.xcassets */ = {isa = PBXFileReference; lastKnownFileType = folder.assetcatalog; path = Assets.xcassets; sourceTree = "<group>"; };
		BBAF73A726A2224000BAD569 /* Preview Assets.xcassets */ = {isa = PBXFileReference; lastKnownFileType = folder.assetcatalog; path = "Preview Assets.xcassets"; sourceTree = "<group>"; };
		BBAF73AA26A2224000BAD569 /* Base */ = {isa = PBXFileReference; lastKnownFileType = file.storyboard; name = Base; path = Base.lproj/LaunchScreen.storyboard; sourceTree = "<group>"; };
		BBAF73AC26A2224000BAD569 /* Info.plist */ = {isa = PBXFileReference; lastKnownFileType = text.plist.xml; path = Info.plist; sourceTree = "<group>"; };
		BBAF73B626A2228B00BAD569 /* Book.swift */ = {isa = PBXFileReference; lastKnownFileType = sourcecode.swift; path = Book.swift; sourceTree = "<group>"; };
		BBAF73B926A222A300BAD569 /* DB_Manager.swift */ = {isa = PBXFileReference; lastKnownFileType = sourcecode.swift; path = DB_Manager.swift; sourceTree = "<group>"; };
		BBAF73BC26A222B900BAD569 /* AddBook.swift */ = {isa = PBXFileReference; lastKnownFileType = sourcecode.swift; path = AddBook.swift; sourceTree = "<group>"; };
		BBAF73BF26A2245D00BAD569 /* BookView.swift */ = {isa = PBXFileReference; lastKnownFileType = sourcecode.swift; path = BookView.swift; sourceTree = "<group>"; };
		BBAF73C326A27DC400BAD569 /* AddWord.swift */ = {isa = PBXFileReference; lastKnownFileType = sourcecode.swift; path = AddWord.swift; sourceTree = "<group>"; };
		BBC262E726A37917000262AD /* PickDefinition.swift */ = {isa = PBXFileReference; lastKnownFileType = sourcecode.swift; path = PickDefinition.swift; sourceTree = "<group>"; };
		BBC262E926A37DCB000262AD /* SaveArray.swift */ = {isa = PBXFileReference; lastKnownFileType = sourcecode.swift; path = SaveArray.swift; sourceTree = "<group>"; };
		FD50BF0269CAB76C75B2B774 /* Pods_SQLBook.framework */ = {isa = PBXFileReference; explicitFileType = wrapper.framework; includeInIndex = 0; path = Pods_SQLBook.framework; sourceTree = BUILT_PRODUCTS_DIR; };
/* End PBXFileReference section */

/* Begin PBXFrameworksBuildPhase section */
		BBAF739826A2223D00BAD569 /* Frameworks */ = {
			isa = PBXFrameworksBuildPhase;
			buildActionMask = 2147483647;
			files = (
				80A4264761EB9E22D5D34A7E /* Pods_SQLBook.framework in Frameworks */,
			);
			runOnlyForDeploymentPostprocessing = 0;
		};
/* End PBXFrameworksBuildPhase section */

/* Begin PBXGroup section */
		1EE71BB3C79347C085F424B7 /* Frameworks */ = {
			isa = PBXGroup;
			children = (
				FD50BF0269CAB76C75B2B774 /* Pods_SQLBook.framework */,
			);
			name = Frameworks;
			sourceTree = "<group>";
		};
		A4334D08E89B0FCC288A6779 /* Pods */ = {
			isa = PBXGroup;
			children = (
				3451FA9450453875BF909AE4 /* Pods-SQLBook.debug.xcconfig */,
				B9CA135D639DA74B6023FFC5 /* Pods-SQLBook.release.xcconfig */,
			);
			path = Pods;
			sourceTree = "<group>";
		};
		BBAF739226A2223D00BAD569 = {
			isa = PBXGroup;
			children = (
				BBAF739D26A2223D00BAD569 /* SQLBook */,
				BBAF739C26A2223D00BAD569 /* Products */,
				A4334D08E89B0FCC288A6779 /* Pods */,
				1EE71BB3C79347C085F424B7 /* Frameworks */,
			);
			sourceTree = "<group>";
		};
		BBAF739C26A2223D00BAD569 /* Products */ = {
			isa = PBXGroup;
			children = (
				BBAF739B26A2223D00BAD569 /* SQLBook.app */,
			);
			name = Products;
			sourceTree = "<group>";
		};
		BBAF739D26A2223D00BAD569 /* SQLBook */ = {
			isa = PBXGroup;
			children = (
				BBAF739E26A2223D00BAD569 /* AppDelegate.swift */,
				BBAF73A026A2223D00BAD569 /* SceneDelegate.swift */,
				BBAF73A226A2223D00BAD569 /* ContentView.swift */,
				BBAF73A426A2224000BAD569 /* Assets.xcassets */,
				BBAF73A926A2224000BAD569 /* LaunchScreen.storyboard */,
				BBAF73AC26A2224000BAD569 /* Info.plist */,
				BBAF73A626A2224000BAD569 /* Preview Content */,
				BBAF73B626A2228B00BAD569 /* Book.swift */,
				BBAF73B926A222A300BAD569 /* DB_Manager.swift */,
				BBAF73BC26A222B900BAD569 /* AddBook.swift */,
				BBAF73BF26A2245D00BAD569 /* BookView.swift */,
				BBAF73C326A27DC400BAD569 /* AddWord.swift */,
				BBC262E726A37917000262AD /* PickDefinition.swift */,
				BBC262E926A37DCB000262AD /* SaveArray.swift */,
			);
			path = SQLBook;
			sourceTree = "<group>";
		};
		BBAF73A626A2224000BAD569 /* Preview Content */ = {
			isa = PBXGroup;
			children = (
				BBAF73A726A2224000BAD569 /* Preview Assets.xcassets */,
			);
			path = "Preview Content";
			sourceTree = "<group>";
		};
/* End PBXGroup section */

/* Begin PBXNativeTarget section */
		BBAF739A26A2223D00BAD569 /* SQLBook */ = {
			isa = PBXNativeTarget;
			buildConfigurationList = BBAF73AF26A2224000BAD569 /* Build configuration list for PBXNativeTarget "SQLBook" */;
			buildPhases = (
				9359B06AE5F57305035D6CE7 /* [CP] Check Pods Manifest.lock */,
				BBAF739726A2223D00BAD569 /* Sources */,
				BBAF739826A2223D00BAD569 /* Frameworks */,
				BBAF739926A2223D00BAD569 /* Resources */,
				B85E9F338C2EA7816D1C7141 /* [CP] Embed Pods Frameworks */,
			);
			buildRules = (
			);
			dependencies = (
			);
			name = SQLBook;
			productName = SQLBook;
			productReference = BBAF739B26A2223D00BAD569 /* SQLBook.app */;
			productType = "com.apple.product-type.application";
		};
/* End PBXNativeTarget section */

/* Begin PBXProject section */
		BBAF739326A2223D00BAD569 /* Project object */ = {
			isa = PBXProject;
			attributes = {
				LastSwiftUpdateCheck = 1220;
				LastUpgradeCheck = 1220;
				TargetAttributes = {
					BBAF739A26A2223D00BAD569 = {
						CreatedOnToolsVersion = 12.2;
					};
				};
			};
			buildConfigurationList = BBAF739626A2223D00BAD569 /* Build configuration list for PBXProject "SQLBook" */;
			compatibilityVersion = "Xcode 9.3";
			developmentRegion = en;
			hasScannedForEncodings = 0;
			knownRegions = (
				en,
				Base,
			);
			mainGroup = BBAF739226A2223D00BAD569;
			productRefGroup = BBAF739C26A2223D00BAD569 /* Products */;
			projectDirPath = "";
			projectRoot = "";
			targets = (
				BBAF739A26A2223D00BAD569 /* SQLBook */,
			);
		};
/* End PBXProject section */

/* Begin PBXResourcesBuildPhase section */
		BBAF739926A2223D00BAD569 /* Resources */ = {
			isa = PBXResourcesBuildPhase;
			buildActionMask = 2147483647;
			files = (
				BBAF73AB26A2224000BAD569 /* LaunchScreen.storyboard in Resources */,
				BBAF73A826A2224000BAD569 /* Preview Assets.xcassets in Resources */,
				BBAF73A526A2224000BAD569 /* Assets.xcassets in Resources */,
			);
			runOnlyForDeploymentPostprocessing = 0;
		};
/* End PBXResourcesBuildPhase section */

/* Begin PBXShellScriptBuildPhase section */
		9359B06AE5F57305035D6CE7 /* [CP] Check Pods Manifest.lock */ = {
			isa = PBXShellScriptBuildPhase;
			buildActionMask = 2147483647;
			files = (
			);
			inputFileListPaths = (
			);
			inputPaths = (
				"${PODS_PODFILE_DIR_PATH}/Podfile.lock",
				"${PODS_ROOT}/Manifest.lock",
			);
			name = "[CP] Check Pods Manifest.lock";
			outputFileListPaths = (
			);
			outputPaths = (
				"$(DERIVED_FILE_DIR)/Pods-SQLBook-checkManifestLockResult.txt",
			);
			runOnlyForDeploymentPostprocessing = 0;
			shellPath = /bin/sh;
			shellScript = "diff \"${PODS_PODFILE_DIR_PATH}/Podfile.lock\" \"${PODS_ROOT}/Manifest.lock\" > /dev/null\nif [ $? != 0 ] ; then\n    # print error to STDERR\n    echo \"error: The sandbox is not in sync with the Podfile.lock. Run 'pod install' or update your CocoaPods installation.\" >&2\n    exit 1\nfi\n# This output is used by Xcode 'outputs' to avoid re-running this script phase.\necho \"SUCCESS\" > \"${SCRIPT_OUTPUT_FILE_0}\"\n";
			showEnvVarsInLog = 0;
		};
		B85E9F338C2EA7816D1C7141 /* [CP] Embed Pods Frameworks */ = {
			isa = PBXShellScriptBuildPhase;
			buildActionMask = 2147483647;
			files = (
			);
			inputFileListPaths = (
				"${PODS_ROOT}/Target Support Files/Pods-SQLBook/Pods-SQLBook-frameworks-${CONFIGURATION}-input-files.xcfilelist",
			);
			name = "[CP] Embed Pods Frameworks";
			outputFileListPaths = (
				"${PODS_ROOT}/Target Support Files/Pods-SQLBook/Pods-SQLBook-frameworks-${CONFIGURATION}-output-files.xcfilelist",
			);
			runOnlyForDeploymentPostprocessing = 0;
			shellPath = /bin/sh;
			shellScript = "\"${PODS_ROOT}/Target Support Files/Pods-SQLBook/Pods-SQLBook-frameworks.sh\"\n";
			showEnvVarsInLog = 0;
		};
/* End PBXShellScriptBuildPhase section */

/* Begin PBXSourcesBuildPhase section */
		BBAF739726A2223D00BAD569 /* Sources */ = {
			isa = PBXSourcesBuildPhase;
			buildActionMask = 2147483647;
			files = (
				BBAF73B726A2228B00BAD569 /* Book.swift in Sources */,
				BBAF73BA26A222A300BAD569 /* DB_Manager.swift in Sources */,
				BBAF73BD26A222B900BAD569 /* AddBook.swift in Sources */,
				BBAF739F26A2223D00BAD569 /* AppDelegate.swift in Sources */,
				BBAF73A126A2223D00BAD569 /* SceneDelegate.swift in Sources */,
				BBAF73C426A27DC400BAD569 /* AddWord.swift in Sources */,
				BBC262E826A37917000262AD /* PickDefinition.swift in Sources */,
				BBAF73C026A2245D00BAD569 /* BookView.swift in Sources */,
				BBC262EA26A37DCB000262AD /* SaveArray.swift in Sources */,
				BBAF73A326A2223D00BAD569 /* ContentView.swift in Sources */,
			);
			runOnlyForDeploymentPostprocessing = 0;
		};
/* End PBXSourcesBuildPhase section */

/* Begin PBXVariantGroup section */
		BBAF73A926A2224000BAD569 /* LaunchScreen.storyboard */ = {
			isa = PBXVariantGroup;
			children = (
				BBAF73AA26A2224000BAD569 /* Base */,
			);
			name = LaunchScreen.storyboard;
			sourceTree = "<group>";
		};
/* End PBXVariantGroup section */

/* Begin XCBuildConfiguration section */
		BBAF73AD26A2224000BAD569 /* Debug */ = {
			isa = XCBuildConfiguration;
			buildSettings = {
				ALWAYS_SEARCH_USER_PATHS = NO;
				CLANG_ANALYZER_NONNULL = YES;
				CLANG_ANALYZER_NUMBER_OBJECT_CONVERSION = YES_AGGRESSIVE;
				CLANG_CXX_LANGUAGE_STANDARD = "gnu++14";
				CLANG_CXX_LIBRARY = "libc++";
				CLANG_ENABLE_MODULES = YES;
				CLANG_ENABLE_OBJC_ARC = YES;
				CLANG_ENABLE_OBJC_WEAK = YES;
				CLANG_WARN_BLOCK_CAPTURE_AUTORELEASING = YES;
				CLANG_WARN_BOOL_CONVERSION = YES;
				CLANG_WARN_COMMA = YES;
				CLANG_WARN_CONSTANT_CONVERSION = YES;
				CLANG_WARN_DEPRECATED_OBJC_IMPLEMENTATIONS = YES;
				CLANG_WARN_DIRECT_OBJC_ISA_USAGE = YES_ERROR;
				CLANG_WARN_DOCUMENTATION_COMMENTS = YES;
				CLANG_WARN_EMPTY_BODY = YES;
				CLANG_WARN_ENUM_CONVERSION = YES;
				CLANG_WARN_INFINITE_RECURSION = YES;
				CLANG_WARN_INT_CONVERSION = YES;
				CLANG_WARN_NON_LITERAL_NULL_CONVERSION = YES;
				CLANG_WARN_OBJC_IMPLICIT_RETAIN_SELF = YES;
				CLANG_WARN_OBJC_LITERAL_CONVERSION = YES;
				CLANG_WARN_OBJC_ROOT_CLASS = YES_ERROR;
				CLANG_WARN_QUOTED_INCLUDE_IN_FRAMEWORK_HEADER = YES;
				CLANG_WARN_RANGE_LOOP_ANALYSIS = YES;
				CLANG_WARN_STRICT_PROTOTYPES = YES;
				CLANG_WARN_SUSPICIOUS_MOVE = YES;
				CLANG_WARN_UNGUARDED_AVAILABILITY = YES_AGGRESSIVE;
				CLANG_WARN_UNREACHABLE_CODE = YES;
				CLANG_WARN__DUPLICATE_METHOD_MATCH = YES;
				COPY_PHASE_STRIP = NO;
				DEBUG_INFORMATION_FORMAT = dwarf;
				ENABLE_STRICT_OBJC_MSGSEND = YES;
				ENABLE_TESTABILITY = YES;
				GCC_C_LANGUAGE_STANDARD = gnu11;
				GCC_DYNAMIC_NO_PIC = NO;
				GCC_NO_COMMON_BLOCKS = YES;
				GCC_OPTIMIZATION_LEVEL = 0;
				GCC_PREPROCESSOR_DEFINITIONS = (
					"DEBUG=1",
					"$(inherited)",
				);
				GCC_WARN_64_TO_32_BIT_CONVERSION = YES;
				GCC_WARN_ABOUT_RETURN_TYPE = YES_ERROR;
				GCC_WARN_UNDECLARED_SELECTOR = YES;
				GCC_WARN_UNINITIALIZED_AUTOS = YES_AGGRESSIVE;
				GCC_WARN_UNUSED_FUNCTION = YES;
				GCC_WARN_UNUSED_VARIABLE = YES;
				IPHONEOS_DEPLOYMENT_TARGET = 14.2;
				MTL_ENABLE_DEBUG_INFO = INCLUDE_SOURCE;
				MTL_FAST_MATH = YES;
				ONLY_ACTIVE_ARCH = YES;
				SDKROOT = iphoneos;
				SWIFT_ACTIVE_COMPILATION_CONDITIONS = DEBUG;
				SWIFT_OPTIMIZATION_LEVEL = "-Onone";
			};
			name = Debug;
		};
		BBAF73AE26A2224000BAD569 /* Release */ = {
			isa = XCBuildConfiguration;
			buildSettings = {
				ALWAYS_SEARCH_USER_PATHS = NO;
				CLANG_ANALYZER_NONNULL = YES;
				CLANG_ANALYZER_NUMBER_OBJECT_CONVERSION = YES_AGGRESSIVE;
				CLANG_CXX_LANGUAGE_STANDARD = "gnu++14";
				CLANG_CXX_LIBRARY = "libc++";
				CLANG_ENABLE_MODULES = YES;
				CLANG_ENABLE_OBJC_ARC = YES;
				CLANG_ENABLE_OBJC_WEAK = YES;
				CLANG_WARN_BLOCK_CAPTURE_AUTORELEASING = YES;
				CLANG_WARN_BOOL_CONVERSION = YES;
				CLANG_WARN_COMMA = YES;
				CLANG_WARN_CONSTANT_CONVERSION = YES;
				CLANG_WARN_DEPRECATED_OBJC_IMPLEMENTATIONS = YES;
				CLANG_WARN_DIRECT_OBJC_ISA_USAGE = YES_ERROR;
				CLANG_WARN_DOCUMENTATION_COMMENTS = YES;
				CLANG_WARN_EMPTY_BODY = YES;
				CLANG_WARN_ENUM_CONVERSION = YES;
				CLANG_WARN_INFINITE_RECURSION = YES;
				CLANG_WARN_INT_CONVERSION = YES;
				CLANG_WARN_NON_LITERAL_NULL_CONVERSION = YES;
				CLANG_WARN_OBJC_IMPLICIT_RETAIN_SELF = YES;
				CLANG_WARN_OBJC_LITERAL_CONVERSION = YES;
				CLANG_WARN_OBJC_ROOT_CLASS = YES_ERROR;
				CLANG_WARN_QUOTED_INCLUDE_IN_FRAMEWORK_HEADER = YES;
				CLANG_WARN_RANGE_LOOP_ANALYSIS = YES;
				CLANG_WARN_STRICT_PROTOTYPES = YES;
				CLANG_WARN_SUSPICIOUS_MOVE = YES;
				CLANG_WARN_UNGUARDED_AVAILABILITY = YES_AGGRESSIVE;
				CLANG_WARN_UNREACHABLE_CODE = YES;
				CLANG_WARN__DUPLICATE_METHOD_MATCH = YES;
				COPY_PHASE_STRIP = NO;
				DEBUG_INFORMATION_FORMAT = "dwarf-with-dsym";
				ENABLE_NS_ASSERTIONS = NO;
				ENABLE_STRICT_OBJC_MSGSEND = YES;
				GCC_C_LANGUAGE_STANDARD = gnu11;
				GCC_NO_COMMON_BLOCKS = YES;
				GCC_WARN_64_TO_32_BIT_CONVERSION = YES;
				GCC_WARN_ABOUT_RETURN_TYPE = YES_ERROR;
				GCC_WARN_UNDECLARED_SELECTOR = YES;
				GCC_WARN_UNINITIALIZED_AUTOS = YES_AGGRESSIVE;
				GCC_WARN_UNUSED_FUNCTION = YES;
				GCC_WARN_UNUSED_VARIABLE = YES;
				IPHONEOS_DEPLOYMENT_TARGET = 14.2;
				MTL_ENABLE_DEBUG_INFO = NO;
				MTL_FAST_MATH = YES;
				SDKROOT = iphoneos;
				SWIFT_COMPILATION_MODE = wholemodule;
				SWIFT_OPTIMIZATION_LEVEL = "-O";
				VALIDATE_PRODUCT = YES;
			};
			name = Release;
		};
		BBAF73B026A2224000BAD569 /* Debug */ = {
			isa = XCBuildConfiguration;
			baseConfigurationReference = 3451FA9450453875BF909AE4 /* Pods-SQLBook.debug.xcconfig */;
			buildSettings = {
				ASSETCATALOG_COMPILER_APPICON_NAME = AppIcon;
				ASSETCATALOG_COMPILER_GLOBAL_ACCENT_COLOR_NAME = AccentColor;
				CODE_SIGN_STYLE = Automatic;
				DEVELOPMENT_ASSET_PATHS = "\"SQLBook/Preview Content\"";
				DEVELOPMENT_TEAM = BG69C72A85;
				ENABLE_PREVIEWS = YES;
				INFOPLIST_FILE = SQLBook/Info.plist;
				LD_RUNPATH_SEARCH_PATHS = (
					"$(inherited)",
					"@executable_path/Frameworks",
				);
				PRODUCT_BUNDLE_IDENTIFIER = com.NikolasCaceres.SQLBook;
				PRODUCT_NAME = "$(TARGET_NAME)";
				SWIFT_VERSION = 5.0;
				TARGETED_DEVICE_FAMILY = "1,2";
			};
			name = Debug;
		};
		BBAF73B126A2224000BAD569 /* Release */ = {
			isa = XCBuildConfiguration;
			baseConfigurationReference = B9CA135D639DA74B6023FFC5 /* Pods-SQLBook.release.xcconfig */;
			buildSettings = {
				ASSETCATALOG_COMPILER_APPICON_NAME = AppIcon;
				ASSETCATALOG_COMPILER_GLOBAL_ACCENT_COLOR_NAME = AccentColor;
				CODE_SIGN_STYLE = Automatic;
				DEVELOPMENT_ASSET_PATHS = "\"SQLBook/Preview Content\"";
				DEVELOPMENT_TEAM = BG69C72A85;
				ENABLE_PREVIEWS = YES;
				INFOPLIST_FILE = SQLBook/Info.plist;
				LD_RUNPATH_SEARCH_PATHS = (
					"$(inherited)",
					"@executable_path/Frameworks",
				);
				PRODUCT_BUNDLE_IDENTIFIER = com.NikolasCaceres.SQLBook;
				PRODUCT_NAME = "$(TARGET_NAME)";
				SWIFT_VERSION = 5.0;
				TARGETED_DEVICE_FAMILY = "1,2";
			};
			name = Release;
		};
/* End XCBuildConfiguration section */

/* Begin XCConfigurationList section */
		BBAF739626A2223D00BAD569 /* Build configuration list for PBXProject "SQLBook" */ = {
			isa = XCConfigurationList;
			buildConfigurations = (
				BBAF73AD26A2224000BAD569 /* Debug */,
				BBAF73AE26A2224000BAD569 /* Release */,
			);
			defaultConfigurationIsVisible = 0;
			defaultConfigurationName = Release;
		};
		BBAF73AF26A2224000BAD569 /* Build configuration list for PBXNativeTarget "SQLBook" */ = {
			isa = XCConfigurationList;
			buildConfigurations = (
				BBAF73B026A2224000BAD569 /* Debug */,
				BBAF73B126A2224000BAD569 /* Release */,
			);
			defaultConfigurationIsVisible = 0;
			defaultConfigurationName = Release;
		};
/* End XCConfigurationList section */
	};
	rootObject = BBAF739326A2223D00BAD569 /* Project object */;
}
